
Microsoft Visual Studio Solution File, Format Version 12.00
# Visual Studio Version 17
VisualStudioVersion = 17.8.34511.84
MinimumVisualStudioVersion = 10.0.40219.1
Project("{9A19103F-16F7-4668-BE54-9A1E7A4F7556}") = "FitnessTracker.Domain", "FitnessTracker.Domain\FitnessTracker.Domain.csproj", "{4E68E152-BBB2-4F42-9FFC-D79354CEEE28}"
EndProject
Project("{9A19103F-16F7-4668-BE54-9A1E7A4F7556}") = "FitnessTracker.BusinessLogic", "FitnessTracker.BusinessLogic\FitnessTracker.BusinessLogic.csproj", "{A34D1FE4-7327-4D83-A567-798E551B8BCD}"
EndProject
Project("{FAE04EC0-301F-11D3-BF4B-00C04F79EFBC}") = "FitnessTracker.UI", "FitnessTracker.UI\FitnessTracker.UI.csproj", "{AA555E83-65B6-4D07-B216-1F1058EA7E39}"
EndProject
Global
	GlobalSection(SolutionConfigurationPlatforms) = preSolution
		Debug|Any CPU = Debug|Any CPU
		Release|Any CPU = Release|Any CPU
	EndGlobalSection
	GlobalSection(ProjectConfigurationPlatforms) = postSolution
		{4E68E152-BBB2-4F42-9FFC-D79354CEEE28}.Debug|Any CPU.ActiveCfg = Debug|Any CPU
		{4E68E152-BBB2-4F42-9FFC-D79354CEEE28}.Debug|Any CPU.Build.0 = Debug|Any CPU
		{4E68E152-BBB2-4F42-9FFC-D79354CEEE28}.Release|Any CPU.ActiveCfg = Release|Any CPU
		{4E68E152-BBB2-4F42-9FFC-D79354CEEE28}.Release|Any CPU.Build.0 = Release|Any CPU
		{A34D1FE4-7327-4D83-A567-798E551B8BCD}.Debug|Any CPU.ActiveCfg = Debug|Any CPU
		{A34D1FE4-7327-4D83-A567-798E551B8BCD}.Debug|Any CPU.Build.0 = Debug|Any CPU
		{A34D1FE4-7327-4D83-A567-798E551B8BCD}.Release|Any CPU.ActiveCfg = Release|Any CPU
		{A34D1FE4-7327-4D83-A567-798E551B8BCD}.Release|Any CPU.Build.0 = Release|Any CPU
		{AA555E83-65B6-4D07-B216-1F1058EA7E39}.Debug|Any CPU.ActiveCfg = Debug|Any CPU
		{AA555E83-65B6-4D07-B216-1F1058EA7E39}.Debug|Any CPU.Build.0 = Debug|Any CPU
		{AA555E83-65B6-4D07-B216-1F1058EA7E39}.Release|Any CPU.ActiveCfg = Release|Any CPU
		{AA555E83-65B6-4D07-B216-1F1058EA7E39}.Release|Any CPU.Build.0 = Release|Any CPU
	EndGlobalSection
	GlobalSection(SolutionProperties) = preSolution
		HideSolutionNode = FALSE
	EndGlobalSection
	GlobalSection(ExtensibilityGlobals) = postSolution
		SolutionGuid = {BC03D14A-F02D-4D41-93E0-3A400286190D}
	EndGlobalSection
EndGlobal
